{
  "version": 4,
  "terraform_version": "1.5.1",
  "serial": 138,
  "lineage": "fc2a9b5d-021a-6438-f010-44ea25ea78b6",
  "outputs": {
    "terraform_aws_role_arn_output": {
      "value": "arn:aws:iam::628819582843:role/lambda_role",
      "type": "string"
    },
    "terraform_aws_role_output": {
      "value": "lambda_role",
      "type": "string"
    },
    "terraform_logging_arn_output": {
      "value": "arn:aws:iam::628819582843:policy/iam_policy_for_lambda",
      "type": "string"
    }
  },
  "resources": [
    {
      "mode": "data",
      "type": "archive_file",
      "name": "zip_the_python_code",
      "provider": "provider[\"registry.terraform.io/hashicorp/archive\"]",
      "instances": [
        {
          "schema_version": 0,
          "attributes": {
            "exclude_symlink_directories": null,
            "excludes": null,
            "id": "7787dcf41a481f5ed83c02a17e2c553f09557c9f",
            "output_base64sha256": "fdGYecLw45AGrgj7nILhLaUSn8KQde2ZCEejd7Pz1do=",
            "output_base64sha512": "sfiPfwHKQkuE5fxMpR5n8Qhm0t5RH9aX9aA4Oql3IqVH5QCbqQ20/GTSxf78Nr9M0tEYsG0VQV86ytWww57bag==",
            "output_file_mode": null,
            "output_md5": "1a7d9197d3161aec0cf2ef46be3a4e11",
            "output_path": "./python/hello-python.zip",
            "output_sha": "7787dcf41a481f5ed83c02a17e2c553f09557c9f",
            "output_sha256": "7dd19879c2f0e39006ae08fb9c82e12da5129fc29075ed990847a377b3f3d5da",
            "output_sha512": "b1f88f7f01ca424b84e5fc4ca51e67f10866d2de511fd697f5a0383aa97722a547e5009ba90db4fc64d2c5fefc36bf4cd2d118b06d15415f3acad5b0c39edb6a",
            "output_size": 385,
            "source": [],
            "source_content": null,
            "source_content_filename": null,
            "source_dir": "./python/",
            "source_file": null,
            "type": "zip"
          },
          "sensitive_attributes": []
        }
      ]
    },
    {
      "module": "module.api",
      "mode": "managed",
      "type": "aws_api_gateway_integration",
      "name": "integration",
      "provider": "provider[\"registry.terraform.io/hashicorp/aws\"]",
      "instances": [
        {
          "schema_version": 0,
          "attributes": {
            "cache_key_parameters": null,
            "cache_namespace": "y3llj7",
            "connection_id": "",
            "connection_type": "INTERNET",
            "content_handling": "",
            "credentials": "",
            "http_method": "GET",
            "id": "agi-1vsj7gyth4-y3llj7-GET",
            "integration_http_method": "POST",
            "passthrough_behavior": "WHEN_NO_MATCH",
            "request_parameters": null,
            "request_templates": null,
            "resource_id": "y3llj7",
            "rest_api_id": "1vsj7gyth4",
            "timeout_milliseconds": 29000,
            "tls_config": [],
            "type": "AWS_PROXY",
            "uri": "arn:aws:apigateway:ap-south-1:lambda:path/2015-03-31/functions/arn:aws:lambda:ap-south-1:628819582843:function:Lambda_func/invocations"
          },
          "sensitive_attributes": [],
          "private": "bnVsbA==",
          "dependencies": [
            "data.archive_file.zip_the_python_code",
            "module.api.aws_api_gateway_method.lambda_api_method",
            "module.api.aws_api_gateway_resource.lambda_api_resource",
            "module.api.aws_api_gateway_rest_api.lambda_api",
            "module.iam.aws_iam_role.lambda_role",
            "module.lambda.aws_lambda_function.terraform_lambda_func",
            "module.lambda.data.archive_file.zip_the_python_code"
          ]
        }
      ]
    },
    {
      "module": "module.api",
      "mode": "managed",
      "type": "aws_api_gateway_method",
      "name": "lambda_api_method",
      "provider": "provider[\"registry.terraform.io/hashicorp/aws\"]",
      "instances": [
        {
          "schema_version": 0,
          "attributes": {
            "api_key_required": false,
            "authorization": "NONE",
            "authorization_scopes": null,
            "authorizer_id": null,
            "http_method": "GET",
            "id": "agm-1vsj7gyth4-y3llj7-GET",
            "operation_name": null,
            "request_models": null,
            "request_parameters": null,
            "request_validator_id": null,
            "resource_id": "y3llj7",
            "rest_api_id": "1vsj7gyth4"
          },
          "sensitive_attributes": [],
          "private": "bnVsbA==",
          "dependencies": [
            "module.api.aws_api_gateway_resource.lambda_api_resource",
            "module.api.aws_api_gateway_rest_api.lambda_api"
          ]
        }
      ]
    },
    {
      "module": "module.api",
      "mode": "managed",
      "type": "aws_api_gateway_resource",
      "name": "lambda_api_resource",
      "provider": "provider[\"registry.terraform.io/hashicorp/aws\"]",
      "instances": [
        {
          "schema_version": 0,
          "attributes": {
            "id": "y3llj7",
            "parent_id": "hmf5mccddl",
            "path": "/lambdaAPIResource",
            "path_part": "lambdaAPIResource",
            "rest_api_id": "1vsj7gyth4"
          },
          "sensitive_attributes": [],
          "private": "bnVsbA==",
          "dependencies": [
            "module.api.aws_api_gateway_rest_api.lambda_api"
          ]
        }
      ]
    },
    {
      "module": "module.api",
      "mode": "managed",
      "type": "aws_api_gateway_rest_api",
      "name": "lambda_api",
      "provider": "provider[\"registry.terraform.io/hashicorp/aws\"]",
      "instances": [
        {
          "schema_version": 0,
          "attributes": {
            "api_key_source": "HEADER",
            "arn": "arn:aws:apigateway:ap-south-1::/restapis/1vsj7gyth4",
            "binary_media_types": [],
            "body": null,
            "created_date": "2023-07-19T09:05:35Z",
            "description": "This is my API for demonstration purposes",
            "disable_execute_api_endpoint": false,
            "endpoint_configuration": [
              {
                "types": [
                  "EDGE"
                ],
                "vpc_endpoint_ids": []
              }
            ],
            "execution_arn": "arn:aws:execute-api:ap-south-1:628819582843:1vsj7gyth4",
            "fail_on_warnings": null,
            "id": "1vsj7gyth4",
            "minimum_compression_size": "",
            "name": "lambdaAPI",
            "parameters": null,
            "policy": "",
            "put_rest_api_mode": null,
            "root_resource_id": "hmf5mccddl",
            "tags": null,
            "tags_all": {}
          },
          "sensitive_attributes": [],
          "private": "bnVsbA=="
        }
      ]
    },
    {
      "module": "module.api",
      "mode": "managed",
      "type": "aws_lambda_permission",
      "name": "api-gw-permission",
      "provider": "provider[\"registry.terraform.io/hashicorp/aws\"]",
      "instances": [
        {
          "schema_version": 0,
          "attributes": {
            "action": "lambda:InvokeFunction",
            "event_source_token": null,
            "function_name": "arn:aws:lambda:ap-south-1:628819582843:function:Lambda_func",
            "function_url_auth_type": null,
            "id": "AllowExcutionFromAPIGateway",
            "principal": "apigateway.amazonaws.com",
            "principal_org_id": null,
            "qualifier": "",
            "source_account": null,
            "source_arn": "arn:aws:execute-api:ap-south-1::1vsj7gyth4/*/GET/lambdaAPIResource",
            "statement_id": "AllowExcutionFromAPIGateway",
            "statement_id_prefix": ""
          },
          "sensitive_attributes": [],
          "private": "bnVsbA==",
          "dependencies": [
            "data.archive_file.zip_the_python_code",
            "module.api.aws_api_gateway_method.lambda_api_method",
            "module.api.aws_api_gateway_resource.lambda_api_resource",
            "module.api.aws_api_gateway_rest_api.lambda_api",
            "module.iam.aws_iam_role.lambda_role",
            "module.lambda.aws_lambda_function.terraform_lambda_func",
            "module.lambda.data.archive_file.zip_the_python_code"
          ]
        }
      ]
    },
    {
      "module": "module.iam",
      "mode": "managed",
      "type": "aws_iam_policy",
      "name": "iam_policy_for_lambda",
      "provider": "provider[\"registry.terraform.io/hashicorp/aws\"]",
      "instances": [
        {
          "schema_version": 0,
          "attributes": {
            "arn": "arn:aws:iam::628819582843:policy/iam_policy_for_lambda",
            "description": "policy for lambda function",
            "id": "arn:aws:iam::628819582843:policy/iam_policy_for_lambda",
            "name": "iam_policy_for_lambda",
            "name_prefix": "",
            "path": "/",
            "policy": "{\"Statement\":[{\"Action\":[\"logs:CreateLogGroup\",\"logs:CreateLogStream\",\"logs:PutLogEvents\"],\"Effect\":\"Allow\",\"Resource\":\"arn:aws:logs:*:*:*\"}],\"Version\":\"2012-10-17\"}",
            "policy_id": "ANPAZE2ERL553BKQN3BWA",
            "tags": null,
            "tags_all": {}
          },
          "sensitive_attributes": [],
          "private": "bnVsbA=="
        }
      ]
    },
    {
      "module": "module.iam",
      "mode": "managed",
      "type": "aws_iam_role",
      "name": "lambda_role",
      "provider": "provider[\"registry.terraform.io/hashicorp/aws\"]",
      "instances": [
        {
          "schema_version": 0,
          "attributes": {
            "arn": "arn:aws:iam::628819582843:role/lambda_role",
            "assume_role_policy": "{\"Statement\":[{\"Action\":\"sts:AssumeRole\",\"Effect\":\"Allow\",\"Principal\":{\"Service\":\"lambda.amazonaws.com\"},\"Sid\":\"\"}],\"Version\":\"2012-10-17\"}",
            "create_date": "2023-07-19T09:05:35Z",
            "description": "",
            "force_detach_policies": false,
            "id": "lambda_role",
            "inline_policy": [],
            "managed_policy_arns": [],
            "max_session_duration": 3600,
            "name": "lambda_role",
            "name_prefix": "",
            "path": "/",
            "permissions_boundary": null,
            "tags": null,
            "tags_all": {},
            "unique_id": "AROAZE2ERL552VEKRSUBR"
          },
          "sensitive_attributes": [],
          "private": "bnVsbA=="
        }
      ]
    },
    {
      "module": "module.iam",
      "mode": "managed",
      "type": "aws_iam_role_policy_attachment",
      "name": "attach_iam_policy_to_iam_role",
      "provider": "provider[\"registry.terraform.io/hashicorp/aws\"]",
      "instances": [
        {
          "schema_version": 0,
          "attributes": {
            "id": "lambda_role-20230719090536977400000001",
            "policy_arn": "arn:aws:iam::628819582843:policy/iam_policy_for_lambda",
            "role": "lambda_role"
          },
          "sensitive_attributes": [],
          "private": "bnVsbA==",
          "dependencies": [
            "module.iam.aws_iam_policy.iam_policy_for_lambda",
            "module.iam.aws_iam_role.lambda_role"
          ]
        }
      ]
    },
    {
      "module": "module.lambda",
      "mode": "data",
      "type": "archive_file",
      "name": "zip_the_python_code",
      "provider": "provider[\"registry.terraform.io/hashicorp/archive\"]",
      "instances": [
        {
          "schema_version": 0,
          "attributes": {
            "exclude_symlink_directories": null,
            "excludes": null,
            "id": "447e22228630d9c6ccc3de4c736f361d219b389e",
            "output_base64sha256": "7NHrv28UTwjQnVexBxT57per83Y7/bQa0TrjvXUAsGI=",
            "output_base64sha512": "92q1/fIG5MU7JSgmJnkVZ26ewv3L2cgSE6nEra5b4+rk6eEATeY7pm481oWypy8JvYjZxkT0i2XRdGJEjZOMIQ==",
            "output_file_mode": null,
            "output_md5": "b173b04684ffd736bf6472e79f4401f3",
            "output_path": ".../python/hello-python.zip",
            "output_sha": "447e22228630d9c6ccc3de4c736f361d219b389e",
            "output_sha256": "ecd1ebbf6f144f08d09d57b10714f9ee97abf3763bfdb41ad13ae3bd7500b062",
            "output_sha512": "f76ab5fdf206e4c53b252826267915676e9ec2fdcbd9c81213a9c4adae5be3eae4e9e1004de63ba66e3cd685b2a72f09bd88d9c644f48b65d17462448d938c21",
            "output_size": 151,
            "source": [],
            "source_content": null,
            "source_content_filename": null,
            "source_dir": ".../python/",
            "source_file": null,
            "type": "zip"
          },
          "sensitive_attributes": []
        }
      ]
    },
    {
      "module": "module.lambda",
      "mode": "managed",
      "type": "aws_lambda_function",
      "name": "terraform_lambda_func",
      "provider": "provider[\"registry.terraform.io/hashicorp/aws\"]",
      "instances": [
        {
          "schema_version": 0,
          "attributes": {
            "architectures": [
              "x86_64"
            ],
            "arn": "arn:aws:lambda:ap-south-1:628819582843:function:Lambda_func",
            "code_signing_config_arn": "",
            "dead_letter_config": [],
            "description": "",
            "environment": [],
            "ephemeral_storage": [
              {
                "size": 512
              }
            ],
            "file_system_config": [],
            "filename": "./python/hello-python.zip",
            "function_name": "Lambda_func",
            "handler": "hello-python.lambda_handler",
            "id": "Lambda_func",
            "image_config": [],
            "image_uri": "",
            "invoke_arn": "arn:aws:apigateway:ap-south-1:lambda:path/2015-03-31/functions/arn:aws:lambda:ap-south-1:628819582843:function:Lambda_func/invocations",
            "kms_key_arn": "",
            "last_modified": "2023-07-19T09:05:52.839+0000",
            "layers": null,
            "memory_size": 128,
            "package_type": "Zip",
            "publish": false,
            "qualified_arn": "arn:aws:lambda:ap-south-1:628819582843:function:Lambda_func:$LATEST",
            "qualified_invoke_arn": "arn:aws:apigateway:ap-south-1:lambda:path/2015-03-31/functions/arn:aws:lambda:ap-south-1:628819582843:function:Lambda_func:$LATEST/invocations",
            "replace_security_groups_on_destroy": null,
            "replacement_security_group_ids": null,
            "reserved_concurrent_executions": -1,
            "role": "arn:aws:iam::628819582843:role/lambda_role",
            "runtime": "python3.8",
            "s3_bucket": null,
            "s3_key": null,
            "s3_object_version": null,
            "signing_job_arn": "",
            "signing_profile_version_arn": "",
            "skip_destroy": false,
            "snap_start": [],
            "source_code_hash": "fdGYecLw45AGrgj7nILhLaUSn8KQde2ZCEejd7Pz1do=",
            "source_code_size": 385,
            "tags": null,
            "tags_all": {},
            "timeout": 3,
            "timeouts": null,
            "tracing_config": [
              {
                "mode": "PassThrough"
              }
            ],
            "version": "$LATEST",
            "vpc_config": []
          },
          "sensitive_attributes": [],
          "private": "eyJlMmJmYjczMC1lY2FhLTExZTYtOGY4OC0zNDM2M2JjN2M0YzAiOnsiY3JlYXRlIjo2MDAwMDAwMDAwMDAsImRlbGV0ZSI6NjAwMDAwMDAwMDAwLCJ1cGRhdGUiOjYwMDAwMDAwMDAwMH19",
          "dependencies": [
            "data.archive_file.zip_the_python_code",
            "module.iam.aws_iam_role.lambda_role",
            "module.lambda.data.archive_file.zip_the_python_code"
          ]
        }
      ]
    }
  ],
  "check_results": null
}
